# This file is autogenerated, do not edit; changes may be undone by the next 'dep ensure'.


[[projects]]
  branch = "issue-8"
  name = "code.sajari.com/docconv"
  packages = ["iWork","snappy"]
  revision = "dfe7ab023741482649563337d19e7fa8dd6f3a04"

[[projects]]
  branch = "master"
  name = "github.com/JalfResi/justext"
  packages = ["."]
  revision = "c0282dea71984da06b2f154dcd2b06da3948aa06"

[[projects]]
  name = "github.com/PuerkitoBio/goquery"
  packages = ["."]
  revision = "dc2ec5c7ca4d9aae063b79b9f581dd3ea6afd2b2"
  version = "v1.4.1"

[[projects]]
  branch = "master"
  name = "github.com/advancedlogic/GoOse"
  packages = ["."]
  revision = "94cde938491acb1f70b416bb1ee278040d60e678"

[[projects]]
  name = "github.com/andybalholm/cascadia"
  packages = ["."]
  revision = "901648c87902174f774fac311d7f176f8647bdaa"
  version = "v1.0.0"

[[projects]]
  branch = "master"
  name = "github.com/araddon/dateparse"
  packages = ["."]
  revision = "6135c1994ea28aa1bb341f5c704885906f584904"

[[projects]]
  branch = "master"
  name = "github.com/gigawattio/window"
  packages = ["."]
  revision = "0f5467e35573c4ffebddd992935e1f7ceeac0696"

[[projects]]
  name = "github.com/golang/protobuf"
  packages = ["proto"]
  revision = "b4deda0973fb4c70b50d226b1af49f3da59f5265"
  version = "v1.1.0"

[[projects]]
  branch = "master"
  name = "github.com/jaytaylor/html2text"
  packages = ["."]
  revision = "57d518f124b0cf46ea2021f25a01396b3522e6fb"

[[projects]]
  branch = "master"
  name = "github.com/levigross/exp-html"
  packages = ["."]
  revision = "8df60c69a8f5b0fe4a72ff6ae3811d4b57154e39"

[[projects]]
  name = "github.com/mattn/go-runewidth"
  packages = ["."]
  revision = "9e777a8366cce605130a531d2cd6363d07ad7317"
  version = "v0.0.2"

[[projects]]
  branch = "master"
  name = "github.com/olekukonko/tablewriter"
  packages = ["."]
  revision = "d4647c9c7a84d847478d890b816b7d8b62b0b279"

[[projects]]
  name = "github.com/otiai10/gosseract"
  packages = ["v1/gosseract","v1/gosseract/tesseract"]
  revision = "ff587f106ee83627349e2868111c9494105a93ac"
  version = "v2.0"

[[projects]]
  branch = "master"
  name = "github.com/sajari/docconv"
  packages = ["."]
  revision = "eedabc494f8e97c31f94c70453273f16dbecbc6f"

[[projects]]
  branch = "master"
  name = "github.com/ssor/bom"
  packages = ["."]
  revision = "6386211fdfcf24c0bfbdaceafd02849ed9a8a509"

[[projects]]
  branch = "master"
  name = "golang.org/x/net"
  packages = ["html","html/atom","html/charset"]
  revision = "db08ff08e8622530d9ed3a0e8ac279f6d4c02196"

[[projects]]
  branch = "master"
  name = "golang.org/x/text"
  packages = ["encoding","encoding/charmap","encoding/htmlindex","encoding/internal","encoding/internal/identifier","encoding/japanese","encoding/korean","encoding/simplifiedchinese","encoding/traditionalchinese","encoding/unicode","internal/gen","internal/language","internal/language/compact","internal/tag","internal/utf8internal","language","runes","transform","unicode/cldr"]
  revision = "5c1cf69b5978e5a34c5f9ba09a83e56acc4b7877"

[[projects]]
  name = "gopkg.in/fatih/set.v0"
  packages = ["."]
  revision = "57907de300222151a123d29255ed17f5ed43fad3"
  version = "v0.1.0"

[solve-meta]
  analyzer-name = "dep"
  analyzer-version = 1
  inputs-digest = "9f2a462c42b39a90ffb539874d116ec6ee8c23ebd9b8f1cd733508b64e2e3e85"
  solver-name = "gps-cdcl"
  solver-version = 1
